{
  "requires": true,
  "lockfileVersion": 1,
  "dependencies": {
    "slate-insert-block-on-enter": {
      "version": "0.4.0",
      "resolved": "https://registry.npmjs.org/slate-insert-block-on-enter/-/slate-insert-block-on-enter-0.4.0.tgz",
      "integrity": "sha512-1Yw6BiwcHuo74jAOYwxNXDLMtC5OpTB4HbimoMUpuSSRuv3YcJpaFnkwOUXvfuiY/OaPn8ztKNQV9AZknC+5uQ=="
    }
  }
}
